
Microsoft Visual Studio Solution File, Format Version 12.00
# Visual Studio 15
VisualStudioVersion = 15.0.28010.2036
MinimumVisualStudioVersion = 10.0.40219.1
Project("{FAE04EC0-301F-11D3-BF4B-00C04F79EFBC}") = "P01. Action Point", "P01. Action Point\P01. Action Point.csproj", "{ABB7841E-4AA3-47AB-8ECB-F97BDF954109}"
EndProject
Project("{FAE04EC0-301F-11D3-BF4B-00C04F79EFBC}") = "P03. Custom Min Function", "P03. Custom Min Function\P03. Custom Min Function.csproj", "{0FC5F6B5-858F-4FE2-BCAC-5A0235664531}"
EndProject
Project("{FAE04EC0-301F-11D3-BF4B-00C04F79EFBC}") = "P04. Find Evens or Odds", "P04. Find Evens or Odds\P04. Find Evens or Odds.csproj", "{91958A5B-5C77-4343-9396-0D618022800B}"
EndProject
Global
	GlobalSection(SolutionConfigurationPlatforms) = preSolution
		Debug|Any CPU = Debug|Any CPU
		Release|Any CPU = Release|Any CPU
	EndGlobalSection
	GlobalSection(ProjectConfigurationPlatforms) = postSolution
		{ABB7841E-4AA3-47AB-8ECB-F97BDF954109}.Debug|Any CPU.ActiveCfg = Debug|Any CPU
		{ABB7841E-4AA3-47AB-8ECB-F97BDF954109}.Debug|Any CPU.Build.0 = Debug|Any CPU
		{ABB7841E-4AA3-47AB-8ECB-F97BDF954109}.Release|Any CPU.ActiveCfg = Release|Any CPU
		{ABB7841E-4AA3-47AB-8ECB-F97BDF954109}.Release|Any CPU.Build.0 = Release|Any CPU
		{0FC5F6B5-858F-4FE2-BCAC-5A0235664531}.Debug|Any CPU.ActiveCfg = Debug|Any CPU
		{0FC5F6B5-858F-4FE2-BCAC-5A0235664531}.Debug|Any CPU.Build.0 = Debug|Any CPU
		{0FC5F6B5-858F-4FE2-BCAC-5A0235664531}.Release|Any CPU.ActiveCfg = Release|Any CPU
		{0FC5F6B5-858F-4FE2-BCAC-5A0235664531}.Release|Any CPU.Build.0 = Release|Any CPU
		{91958A5B-5C77-4343-9396-0D618022800B}.Debug|Any CPU.ActiveCfg = Debug|Any CPU
		{91958A5B-5C77-4343-9396-0D618022800B}.Debug|Any CPU.Build.0 = Debug|Any CPU
		{91958A5B-5C77-4343-9396-0D618022800B}.Release|Any CPU.ActiveCfg = Release|Any CPU
		{91958A5B-5C77-4343-9396-0D618022800B}.Release|Any CPU.Build.0 = Release|Any CPU
	EndGlobalSection
	GlobalSection(SolutionProperties) = preSolution
		HideSolutionNode = FALSE
	EndGlobalSection
	GlobalSection(ExtensibilityGlobals) = postSolution
		SolutionGuid = {49DF3828-7CFD-410F-895E-E964D7C2151E}
	EndGlobalSection
EndGlobal
